
Microsoft Visual Studio Solution File, Format Version 12.00
# Visual Studio 15
VisualStudioVersion = 15.0.27130.0
MinimumVisualStudioVersion = 10.0.40219.1
Project("{FAE04EC0-301F-11D3-BF4B-00C04F79EFBC}") = "ACI_monitor", "ACI_monitor\ACI_monitor.csproj", "{C68918F2-288C-4FFF-8CDF-AD60BCD14649}"
EndProject
Global
	GlobalSection(SolutionConfigurationPlatforms) = preSolution
		Debug|Any CPU = Debug|Any CPU
		Release|Any CPU = Release|Any CPU
	EndGlobalSection
	GlobalSection(ProjectConfigurationPlatforms) = postSolution
		{C68918F2-288C-4FFF-8CDF-AD60BCD14649}.Debug|Any CPU.ActiveCfg = Debug|Any CPU
		{C68918F2-288C-4FFF-8CDF-AD60BCD14649}.Debug|Any CPU.Build.0 = Debug|Any CPU
		{C68918F2-288C-4FFF-8CDF-AD60BCD14649}.Release|Any CPU.ActiveCfg = Release|Any CPU
		{C68918F2-288C-4FFF-8CDF-AD60BCD14649}.Release|Any CPU.Build.0 = Release|Any CPU
	EndGlobalSection
	GlobalSection(SolutionProperties) = preSolution
		HideSolutionNode = FALSE
	EndGlobalSection
	GlobalSection(ExtensibilityGlobals) = postSolution
		SolutionGuid = {C3ADBF97-26AF-4AB3-9D7F-7D82459830B8}
	EndGlobalSection
EndGlobal
